
Microsoft Visual Studio Solution File, Format Version 12.00
# Visual Studio Version 17
VisualStudioVersion = 17.0.32112.339
MinimumVisualStudioVersion = 10.0.40219.1
Project("{FAE04EC0-301F-11D3-BF4B-00C04F79EFBC}") = "SoftwareOntwerpEnArchitectuur3", "SoftwareOntwerpEnArchitectuur3\SoftwareOntwerpEnArchitectuur3.csproj", "{071115DC-AB0F-467F-9CAA-587748019523}"
EndProject
Global
	GlobalSection(SolutionConfigurationPlatforms) = preSolution
		Debug|Any CPU = Debug|Any CPU
		Release|Any CPU = Release|Any CPU
	EndGlobalSection
	GlobalSection(ProjectConfigurationPlatforms) = postSolution
		{071115DC-AB0F-467F-9CAA-587748019523}.Debug|Any CPU.ActiveCfg = Debug|Any CPU
		{071115DC-AB0F-467F-9CAA-587748019523}.Debug|Any CPU.Build.0 = Debug|Any CPU
		{071115DC-AB0F-467F-9CAA-587748019523}.Release|Any CPU.ActiveCfg = Release|Any CPU
		{071115DC-AB0F-467F-9CAA-587748019523}.Release|Any CPU.Build.0 = Release|Any CPU
	EndGlobalSection
	GlobalSection(SolutionProperties) = preSolution
		HideSolutionNode = FALSE
	EndGlobalSection
	GlobalSection(ExtensibilityGlobals) = postSolution
		SolutionGuid = {14E0F1B9-1FE2-4FED-B423-32D6FD33AAC4}
	EndGlobalSection
EndGlobal
